// !$*UTF8*$!
{
	archiveVersion = 1;
	classes = {
	};
	objectVersion = 50;
	objects = {

/* Begin PBXBuildFile section */
		2C26E9BE243F603E00E097BF /* AppDelegate.swift in Sources */ = {isa = PBXBuildFile; fileRef = 2C26E9BD243F603E00E097BF /* AppDelegate.swift */; };
		2C26E9C0243F603E00E097BF /* SceneDelegate.swift in Sources */ = {isa = PBXBuildFile; fileRef = 2C26E9BF243F603E00E097BF /* SceneDelegate.swift */; };
		2C26E9C2243F603E00E097BF /* ViewController.swift in Sources */ = {isa = PBXBuildFile; fileRef = 2C26E9C1243F603E00E097BF /* ViewController.swift */; };
		2C26E9C5243F603E00E097BF /* Main.storyboard in Resources */ = {isa = PBXBuildFile; fileRef = 2C26E9C3243F603E00E097BF /* Main.storyboard */; };
		2C26E9C7243F604400E097BF /* Assets.xcassets in Resources */ = {isa = PBXBuildFile; fileRef = 2C26E9C6243F604400E097BF /* Assets.xcassets */; };
		2C26E9CA243F604400E097BF /* LaunchScreen.storyboard in Resources */ = {isa = PBXBuildFile; fileRef = 2C26E9C8243F604400E097BF /* LaunchScreen.storyboard */; };
		2C26E9D5243F604500E097BF /* PhotoramaTests.swift in Sources */ = {isa = PBXBuildFile; fileRef = 2C26E9D4243F604500E097BF /* PhotoramaTests.swift */; };
		2C26E9E0243F604500E097BF /* PhotoramaUITests.swift in Sources */ = {isa = PBXBuildFile; fileRef = 2C26E9DF243F604500E097BF /* PhotoramaUITests.swift */; };
		2C26E9F22441F73A00E097BF /* FlickrAPI.swift in Sources */ = {isa = PBXBuildFile; fileRef = 2C26E9F12441F73A00E097BF /* FlickrAPI.swift */; };
		2C26E9F42441F9F600E097BF /* PhotoStore.swift in Sources */ = {isa = PBXBuildFile; fileRef = 2C26E9F32441F9F600E097BF /* PhotoStore.swift */; };
		2C4DDD952441FEB800029036 /* Photo.swift in Sources */ = {isa = PBXBuildFile; fileRef = 2C4DDD942441FEB800029036 /* Photo.swift */; };
		2C4DDD97244204FB00029036 /* PhotosViewController.swift in Sources */ = {isa = PBXBuildFile; fileRef = 2C4DDD96244204FB00029036 /* PhotosViewController.swift */; };
/* End PBXBuildFile section */

/* Begin PBXContainerItemProxy section */
		2C26E9D1243F604500E097BF /* PBXContainerItemProxy */ = {
			isa = PBXContainerItemProxy;
			containerPortal = 2C26E9B2243F603E00E097BF /* Project object */;
			proxyType = 1;
			remoteGlobalIDString = 2C26E9B9243F603E00E097BF;
			remoteInfo = Photorama;
		};
		2C26E9DC243F604500E097BF /* PBXContainerItemProxy */ = {
			isa = PBXContainerItemProxy;
			containerPortal = 2C26E9B2243F603E00E097BF /* Project object */;
			proxyType = 1;
			remoteGlobalIDString = 2C26E9B9243F603E00E097BF;
			remoteInfo = Photorama;
		};
/* End PBXContainerItemProxy section */

/* Begin PBXFileReference section */
		2C26E9BA243F603E00E097BF /* Photorama.app */ = {isa = PBXFileReference; explicitFileType = wrapper.application; includeInIndex = 0; path = Photorama.app; sourceTree = BUILT_PRODUCTS_DIR; };
		2C26E9BD243F603E00E097BF /* AppDelegate.swift */ = {isa = PBXFileReference; lastKnownFileType = sourcecode.swift; path = AppDelegate.swift; sourceTree = "<group>"; };
		2C26E9BF243F603E00E097BF /* SceneDelegate.swift */ = {isa = PBXFileReference; lastKnownFileType = sourcecode.swift; path = SceneDelegate.swift; sourceTree = "<group>"; };
		2C26E9C1243F603E00E097BF /* ViewController.swift */ = {isa = PBXFileReference; lastKnownFileType = sourcecode.swift; path = ViewController.swift; sourceTree = "<group>"; };
		2C26E9C4243F603E00E097BF /* Base */ = {isa = PBXFileReference; lastKnownFileType = file.storyboard; name = Base; path = Base.lproj/Main.storyboard; sourceTree = "<group>"; };
		2C26E9C6243F604400E097BF /* Assets.xcassets */ = {isa = PBXFileReference; lastKnownFileType = folder.assetcatalog; path = Assets.xcassets; sourceTree = "<group>"; };
		2C26E9C9243F604400E097BF /* Base */ = {isa = PBXFileReference; lastKnownFileType = file.storyboard; name = Base; path = Base.lproj/LaunchScreen.storyboard; sourceTree = "<group>"; };
		2C26E9CB243F604400E097BF /* Info.plist */ = {isa = PBXFileReference; lastKnownFileType = text.plist.xml; path = Info.plist; sourceTree = "<group>"; };
		2C26E9D0243F604500E097BF /* PhotoramaTests.xctest */ = {isa = PBXFileReference; explicitFileType = wrapper.cfbundle; includeInIndex = 0; path = PhotoramaTests.xctest; sourceTree = BUILT_PRODUCTS_DIR; };
		2C26E9D4243F604500E097BF /* PhotoramaTests.swift */ = {isa = PBXFileReference; lastKnownFileType = sourcecode.swift; path = PhotoramaTests.swift; sourceTree = "<group>"; };
		2C26E9D6243F604500E097BF /* Info.plist */ = {isa = PBXFileReference; lastKnownFileType = text.plist.xml; path = Info.plist; sourceTree = "<group>"; };
		2C26E9DB243F604500E097BF /* PhotoramaUITests.xctest */ = {isa = PBXFileReference; explicitFileType = wrapper.cfbundle; includeInIndex = 0; path = PhotoramaUITests.xctest; sourceTree = BUILT_PRODUCTS_DIR; };
		2C26E9DF243F604500E097BF /* PhotoramaUITests.swift */ = {isa = PBXFileReference; lastKnownFileType = sourcecode.swift; path = PhotoramaUITests.swift; sourceTree = "<group>"; };
		2C26E9E1243F604500E097BF /* Info.plist */ = {isa = PBXFileReference; lastKnownFileType = text.plist.xml; path = Info.plist; sourceTree = "<group>"; };
		2C26E9F12441F73A00E097BF /* FlickrAPI.swift */ = {isa = PBXFileReference; lastKnownFileType = sourcecode.swift; path = FlickrAPI.swift; sourceTree = "<group>"; };
		2C26E9F32441F9F600E097BF /* PhotoStore.swift */ = {isa = PBXFileReference; lastKnownFileType = sourcecode.swift; path = PhotoStore.swift; sourceTree = "<group>"; };
		2C4DDD942441FEB800029036 /* Photo.swift */ = {isa = PBXFileReference; lastKnownFileType = sourcecode.swift; path = Photo.swift; sourceTree = "<group>"; };
		2C4DDD96244204FB00029036 /* PhotosViewController.swift */ = {isa = PBXFileReference; lastKnownFileType = sourcecode.swift; path = PhotosViewController.swift; sourceTree = "<group>"; };
/* End PBXFileReference section */

/* Begin PBXFrameworksBuildPhase section */
		2C26E9B7243F603E00E097BF /* Frameworks */ = {
			isa = PBXFrameworksBuildPhase;
			buildActionMask = 2147483647;
			files = (
			);
			runOnlyForDeploymentPostprocessing = 0;
		};
		2C26E9CD243F604500E097BF /* Frameworks */ = {
			isa = PBXFrameworksBuildPhase;
			buildActionMask = 2147483647;
			files = (
			);
			runOnlyForDeploymentPostprocessing = 0;
		};
		2C26E9D8243F604500E097BF /* Frameworks */ = {
			isa = PBXFrameworksBuildPhase;
			buildActionMask = 2147483647;
			files = (
			);
			runOnlyForDeploymentPostprocessing = 0;
		};
/* End PBXFrameworksBuildPhase section */

/* Begin PBXGroup section */
		2C26E9B1243F603E00E097BF = {
			isa = PBXGroup;
			children = (
				2C26E9BC243F603E00E097BF /* Photorama */,
				2C26E9D3243F604500E097BF /* PhotoramaTests */,
				2C26E9DE243F604500E097BF /* PhotoramaUITests */,
				2C26E9BB243F603E00E097BF /* Products */,
			);
			sourceTree = "<group>";
		};
		2C26E9BB243F603E00E097BF /* Products */ = {
			isa = PBXGroup;
			children = (
				2C26E9BA243F603E00E097BF /* Photorama.app */,
				2C26E9D0243F604500E097BF /* PhotoramaTests.xctest */,
				2C26E9DB243F604500E097BF /* PhotoramaUITests.xctest */,
			);
			name = Products;
			sourceTree = "<group>";
		};
		2C26E9BC243F603E00E097BF /* Photorama */ = {
			isa = PBXGroup;
			children = (
				2C26E9BD243F603E00E097BF /* AppDelegate.swift */,
				2C26E9BF243F603E00E097BF /* SceneDelegate.swift */,
				2C26E9C1243F603E00E097BF /* ViewController.swift */,
				2C26E9C3243F603E00E097BF /* Main.storyboard */,
				2C26E9F12441F73A00E097BF /* FlickrAPI.swift */,
				2C26E9F32441F9F600E097BF /* PhotoStore.swift */,
				2C26E9C6243F604400E097BF /* Assets.xcassets */,
				2C26E9C8243F604400E097BF /* LaunchScreen.storyboard */,
				2C26E9CB243F604400E097BF /* Info.plist */,
				2C4DDD942441FEB800029036 /* Photo.swift */,
				2C4DDD96244204FB00029036 /* PhotosViewController.swift */,
			);
			path = Photorama;
			sourceTree = "<group>";
		};
		2C26E9D3243F604500E097BF /* PhotoramaTests */ = {
			isa = PBXGroup;
			children = (
				2C26E9D4243F604500E097BF /* PhotoramaTests.swift */,
				2C26E9D6243F604500E097BF /* Info.plist */,
			);
			path = PhotoramaTests;
			sourceTree = "<group>";
		};
		2C26E9DE243F604500E097BF /* PhotoramaUITests */ = {
			isa = PBXGroup;
			children = (
				2C26E9DF243F604500E097BF /* PhotoramaUITests.swift */,
				2C26E9E1243F604500E097BF /* Info.plist */,
			);
			path = PhotoramaUITests;
			sourceTree = "<group>";
		};
/* End PBXGroup section */

/* Begin PBXNativeTarget section */
		2C26E9B9243F603E00E097BF /* Photorama */ = {
			isa = PBXNativeTarget;
			buildConfigurationList = 2C26E9E4243F604500E097BF /* Build configuration list for PBXNativeTarget "Photorama" */;
			buildPhases = (
				2C26E9B6243F603E00E097BF /* Sources */,
				2C26E9B7243F603E00E097BF /* Frameworks */,
				2C26E9B8243F603E00E097BF /* Resources */,
			);
			buildRules = (
			);
			dependencies = (
			);
			name = Photorama;
			productName = Photorama;
			productReference = 2C26E9BA243F603E00E097BF /* Photorama.app */;
			productType = "com.apple.product-type.application";
		};
		2C26E9CF243F604500E097BF /* PhotoramaTests */ = {
			isa = PBXNativeTarget;
			buildConfigurationList = 2C26E9E7243F604500E097BF /* Build configuration list for PBXNativeTarget "PhotoramaTests" */;
			buildPhases = (
				2C26E9CC243F604500E097BF /* Sources */,
				2C26E9CD243F604500E097BF /* Frameworks */,
				2C26E9CE243F604500E097BF /* Resources */,
			);
			buildRules = (
			);
			dependencies = (
				2C26E9D2243F604500E097BF /* PBXTargetDependency */,
			);
			name = PhotoramaTests;
			productName = PhotoramaTests;
			productReference = 2C26E9D0243F604500E097BF /* PhotoramaTests.xctest */;
			productType = "com.apple.product-type.bundle.unit-test";
		};
		2C26E9DA243F604500E097BF /* PhotoramaUITests */ = {
			isa = PBXNativeTarget;
			buildConfigurationList = 2C26E9EA243F604500E097BF /* Build configuration list for PBXNativeTarget "PhotoramaUITests" */;
			buildPhases = (
				2C26E9D7243F604500E097BF /* Sources */,
				2C26E9D8243F604500E097BF /* Frameworks */,
				2C26E9D9243F604500E097BF /* Resources */,
			);
			buildRules = (
			);
			dependencies = (
				2C26E9DD243F604500E097BF /* PBXTargetDependency */,
			);
			name = PhotoramaUITests;
			productName = PhotoramaUITests;
			productReference = 2C26E9DB243F604500E097BF /* PhotoramaUITests.xctest */;
			productType = "com.apple.product-type.bundle.ui-testing";
		};
/* End PBXNativeTarget section */

/* Begin PBXProject section */
		2C26E9B2243F603E00E097BF /* Project object */ = {
			isa = PBXProject;
			attributes = {
				LastSwiftUpdateCheck = 1130;
				LastUpgradeCheck = 1130;
				ORGANIZATIONNAME = "Luca Stanger";
				TargetAttributes = {
					2C26E9B9243F603E00E097BF = {
						CreatedOnToolsVersion = 11.3.1;
					};
					2C26E9CF243F604500E097BF = {
						CreatedOnToolsVersion = 11.3.1;
						TestTargetID = 2C26E9B9243F603E00E097BF;
					};
					2C26E9DA243F604500E097BF = {
						CreatedOnToolsVersion = 11.3.1;
						TestTargetID = 2C26E9B9243F603E00E097BF;
					};
				};
			};
			buildConfigurationList = 2C26E9B5243F603E00E097BF /* Build configuration list for PBXProject "Photorama" */;
			compatibilityVersion = "Xcode 9.3";
			developmentRegion = en;
			hasScannedForEncodings = 0;
			knownRegions = (
				en,
				Base,
			);
			mainGroup = 2C26E9B1243F603E00E097BF;
			productRefGroup = 2C26E9BB243F603E00E097BF /* Products */;
			projectDirPath = "";
			projectRoot = "";
			targets = (
				2C26E9B9243F603E00E097BF /* Photorama */,
				2C26E9CF243F604500E097BF /* PhotoramaTests */,
				2C26E9DA243F604500E097BF /* PhotoramaUITests */,
			);
		};
/* End PBXProject section */

/* Begin PBXResourcesBuildPhase section */
		2C26E9B8243F603E00E097BF /* Resources */ = {
			isa = PBXResourcesBuildPhase;
			buildActionMask = 2147483647;
			files = (
				2C26E9CA243F604400E097BF /* LaunchScreen.storyboard in Resources */,
				2C26E9C7243F604400E097BF /* Assets.xcassets in Resources */,
				2C26E9C5243F603E00E097BF /* Main.storyboard in Resources */,
			);
			runOnlyForDeploymentPostprocessing = 0;
		};
		2C26E9CE243F604500E097BF /* Resources */ = {
			isa = PBXResourcesBuildPhase;
			buildActionMask = 2147483647;
			files = (
			);
			runOnlyForDeploymentPostprocessing = 0;
		};
		2C26E9D9243F604500E097BF /* Resources */ = {
			isa = PBXResourcesBuildPhase;
			buildActionMask = 2147483647;
			files = (
			);
			runOnlyForDeploymentPostprocessing = 0;
		};
/* End PBXResourcesBuildPhase section */

/* Begin PBXSourcesBuildPhase section */
		2C26E9B6243F603E00E097BF /* Sources */ = {
			isa = PBXSourcesBuildPhase;
			buildActionMask = 2147483647;
			files = (
				2C4DDD952441FEB800029036 /* Photo.swift in Sources */,
				2C26E9C2243F603E00E097BF /* ViewController.swift in Sources */,
				2C26E9BE243F603E00E097BF /* AppDelegate.swift in Sources */,
				2C26E9C0243F603E00E097BF /* SceneDelegate.swift in Sources */,
				2C4DDD97244204FB00029036 /* PhotosViewController.swift in Sources */,
				2C26E9F42441F9F600E097BF /* PhotoStore.swift in Sources */,
				2C26E9F22441F73A00E097BF /* FlickrAPI.swift in Sources */,
			);
			runOnlyForDeploymentPostprocessing = 0;
		};
		2C26E9CC243F604500E097BF /* Sources */ = {
			isa = PBXSourcesBuildPhase;
			buildActionMask = 2147483647;
			files = (
				2C26E9D5243F604500E097BF /* PhotoramaTests.swift in Sources */,
			);
			runOnlyForDeploymentPostprocessing = 0;
		};
		2C26E9D7243F604500E097BF /* Sources */ = {
			isa = PBXSourcesBuildPhase;
			buildActionMask = 2147483647;
			files = (
				2C26E9E0243F604500E097BF /* PhotoramaUITests.swift in Sources */,
			);
			runOnlyForDeploymentPostprocessing = 0;
		};
/* End PBXSourcesBuildPhase section */

/* Begin PBXTargetDependency section */
		2C26E9D2243F604500E097BF /* PBXTargetDependency */ = {
			isa = PBXTargetDependency;
			target = 2C26E9B9243F603E00E097BF /* Photorama */;
			targetProxy = 2C26E9D1243F604500E097BF /* PBXContainerItemProxy */;
		};
		2C26E9DD243F604500E097BF /* PBXTargetDependency */ = {
			isa = PBXTargetDependency;
			target = 2C26E9B9243F603E00E097BF /* Photorama */;
			targetProxy = 2C26E9DC243F604500E097BF /* PBXContainerItemProxy */;
		};
/* End PBXTargetDependency section */

/* Begin PBXVariantGroup section */
		2C26E9C3243F603E00E097BF /* Main.storyboard */ = {
			isa = PBXVariantGroup;
			children = (
				2C26E9C4243F603E00E097BF /* Base */,
			);
			name = Main.storyboard;
			sourceTree = "<group>";
		};
		2C26E9C8243F604400E097BF /* LaunchScreen.storyboard */ = {
			isa = PBXVariantGroup;
			children = (
				2C26E9C9243F604400E097BF /* Base */,
			);
			name = LaunchScreen.storyboard;
			sourceTree = "<group>";
		};
/* End PBXVariantGroup section */

/* Begin XCBuildConfiguration section */
		2C26E9E2243F604500E097BF /* Debug */ = {
			isa = XCBuildConfiguration;
			buildSettings = {
				ALWAYS_SEARCH_USER_PATHS = NO;
				CLANG_ANALYZER_NONNULL = YES;
				CLANG_ANALYZER_NUMBER_OBJECT_CONVERSION = YES_AGGRESSIVE;
				CLANG_CXX_LANGUAGE_STANDARD = "gnu++14";
				CLANG_CXX_LIBRARY = "libc++";
				CLANG_ENABLE_MODULES = YES;
				CLANG_ENABLE_OBJC_ARC = YES;
				CLANG_ENABLE_OBJC_WEAK = YES;
				CLANG_WARN_BLOCK_CAPTURE_AUTORELEASING = YES;
				CLANG_WARN_BOOL_CONVERSION = YES;
				CLANG_WARN_COMMA = YES;
				CLANG_WARN_CONSTANT_CONVERSION = YES;
				CLANG_WARN_DEPRECATED_OBJC_IMPLEMENTATIONS = YES;
				CLANG_WARN_DIRECT_OBJC_ISA_USAGE = YES_ERROR;
				CLANG_WARN_DOCUMENTATION_COMMENTS = YES;
				CLANG_WARN_EMPTY_BODY = YES;
				CLANG_WARN_ENUM_CONVERSION = YES;
				CLANG_WARN_INFINITE_RECURSION = YES;
				CLANG_WARN_INT_CONVERSION = YES;
				CLANG_WARN_NON_LITERAL_NULL_CONVERSION = YES;
				CLANG_WARN_OBJC_IMPLICIT_RETAIN_SELF = YES;
				CLANG_WARN_OBJC_LITERAL_CONVERSION = YES;
				CLANG_WARN_OBJC_ROOT_CLASS = YES_ERROR;
				CLANG_WARN_RANGE_LOOP_ANALYSIS = YES;
				CLANG_WARN_STRICT_PROTOTYPES = YES;
				CLANG_WARN_SUSPICIOUS_MOVE = YES;
				CLANG_WARN_UNGUARDED_AVAILABILITY = YES_AGGRESSIVE;
				CLANG_WARN_UNREACHABLE_CODE = YES;
				CLANG_WARN__DUPLICATE_METHOD_MATCH = YES;
				COPY_PHASE_STRIP = NO;
				DEBUG_INFORMATION_FORMAT = dwarf;
				ENABLE_STRICT_OBJC_MSGSEND = YES;
				ENABLE_TESTABILITY = YES;
				GCC_C_LANGUAGE_STANDARD = gnu11;
				GCC_DYNAMIC_NO_PIC = NO;
				GCC_NO_COMMON_BLOCKS = YES;
				GCC_OPTIMIZATION_LEVEL = 0;
				GCC_PREPROCESSOR_DEFINITIONS = (
					"DEBUG=1",
					"$(inherited)",
				);
				GCC_WARN_64_TO_32_BIT_CONVERSION = YES;
				GCC_WARN_ABOUT_RETURN_TYPE = YES_ERROR;
				GCC_WARN_UNDECLARED_SELECTOR = YES;
				GCC_WARN_UNINITIALIZED_AUTOS = YES_AGGRESSIVE;
				GCC_WARN_UNUSED_FUNCTION = YES;
				GCC_WARN_UNUSED_VARIABLE = YES;
				IPHONEOS_DEPLOYMENT_TARGET = 13.2;
				MTL_ENABLE_DEBUG_INFO = INCLUDE_SOURCE;
				MTL_FAST_MATH = YES;
				ONLY_ACTIVE_ARCH = YES;
				SDKROOT = iphoneos;
				SWIFT_ACTIVE_COMPILATION_CONDITIONS = DEBUG;
				SWIFT_OPTIMIZATION_LEVEL = "-Onone";
			};
			name = Debug;
		};
		2C26E9E3243F604500E097BF /* Release */ = {
			isa = XCBuildConfiguration;
			buildSettings = {
				ALWAYS_SEARCH_USER_PATHS = NO;
				CLANG_ANALYZER_NONNULL = YES;
				CLANG_ANALYZER_NUMBER_OBJECT_CONVERSION = YES_AGGRESSIVE;
				CLANG_CXX_LANGUAGE_STANDARD = "gnu++14";
				CLANG_CXX_LIBRARY = "libc++";
				CLANG_ENABLE_MODULES = YES;
				CLANG_ENABLE_OBJC_ARC = YES;
				CLANG_ENABLE_OBJC_WEAK = YES;
				CLANG_WARN_BLOCK_CAPTURE_AUTORELEASING = YES;
				CLANG_WARN_BOOL_CONVERSION = YES;
				CLANG_WARN_COMMA = YES;
				CLANG_WARN_CONSTANT_CONVERSION = YES;
				CLANG_WARN_DEPRECATED_OBJC_IMPLEMENTATIONS = YES;
				CLANG_WARN_DIRECT_OBJC_ISA_USAGE = YES_ERROR;
				CLANG_WARN_DOCUMENTATION_COMMENTS = YES;
				CLANG_WARN_EMPTY_BODY = YES;
				CLANG_WARN_ENUM_CONVERSION = YES;
				CLANG_WARN_INFINITE_RECURSION = YES;
				CLANG_WARN_INT_CONVERSION = YES;
				CLANG_WARN_NON_LITERAL_NULL_CONVERSION = YES;
				CLANG_WARN_OBJC_IMPLICIT_RETAIN_SELF = YES;
				CLANG_WARN_OBJC_LITERAL_CONVERSION = YES;
				CLANG_WARN_OBJC_ROOT_CLASS = YES_ERROR;
				CLANG_WARN_RANGE_LOOP_ANALYSIS = YES;
				CLANG_WARN_STRICT_PROTOTYPES = YES;
				CLANG_WARN_SUSPICIOUS_MOVE = YES;
				CLANG_WARN_UNGUARDED_AVAILABILITY = YES_AGGRESSIVE;
				CLANG_WARN_UNREACHABLE_CODE = YES;
				CLANG_WARN__DUPLICATE_METHOD_MATCH = YES;
				COPY_PHASE_STRIP = NO;
				DEBUG_INFORMATION_FORMAT = "dwarf-with-dsym";
				ENABLE_NS_ASSERTIONS = NO;
				ENABLE_STRICT_OBJC_MSGSEND = YES;
				GCC_C_LANGUAGE_STANDARD = gnu11;
				GCC_NO_COMMON_BLOCKS = YES;
				GCC_WARN_64_TO_32_BIT_CONVERSION = YES;
				GCC_WARN_ABOUT_RETURN_TYPE = YES_ERROR;
				GCC_WARN_UNDECLARED_SELECTOR = YES;
				GCC_WARN_UNINITIALIZED_AUTOS = YES_AGGRESSIVE;
				GCC_WARN_UNUSED_FUNCTION = YES;
				GCC_WARN_UNUSED_VARIABLE = YES;
				IPHONEOS_DEPLOYMENT_TARGET = 13.2;
				MTL_ENABLE_DEBUG_INFO = NO;
				MTL_FAST_MATH = YES;
				SDKROOT = iphoneos;
				SWIFT_COMPILATION_MODE = wholemodule;
				SWIFT_OPTIMIZATION_LEVEL = "-O";
				VALIDATE_PRODUCT = YES;
			};
			name = Release;
		};
		2C26E9E5243F604500E097BF /* Debug */ = {
			isa = XCBuildConfiguration;
			buildSettings = {
				ASSETCATALOG_COMPILER_APPICON_NAME = AppIcon;
				CODE_SIGN_STYLE = Automatic;
				DEVELOPMENT_TEAM = 9MVQ285C7X;
				INFOPLIST_FILE = Photorama/Info.plist;
				LD_RUNPATH_SEARCH_PATHS = (
					"$(inherited)",
					"@executable_path/Frameworks",
				);
				PRODUCT_BUNDLE_IDENTIFIER = lucastanger.Photorama;
				PRODUCT_NAME = "$(TARGET_NAME)";
				SWIFT_VERSION = 5.0;
				TARGETED_DEVICE_FAMILY = "1,2";
			};
			name = Debug;
		};
		2C26E9E6243F604500E097BF /* Release */ = {
			isa = XCBuildConfiguration;
			buildSettings = {
				ASSETCATALOG_COMPILER_APPICON_NAME = AppIcon;
				CODE_SIGN_STYLE = Automatic;
				DEVELOPMENT_TEAM = 9MVQ285C7X;
				INFOPLIST_FILE = Photorama/Info.plist;
				LD_RUNPATH_SEARCH_PATHS = (
					"$(inherited)",
					"@executable_path/Frameworks",
				);
				PRODUCT_BUNDLE_IDENTIFIER = lucastanger.Photorama;
				PRODUCT_NAME = "$(TARGET_NAME)";
				SWIFT_VERSION = 5.0;
				TARGETED_DEVICE_FAMILY = "1,2";
			};
			name = Release;
		};
		2C26E9E8243F604500E097BF /* Debug */ = {
			isa = XCBuildConfiguration;
			buildSettings = {
				ALWAYS_EMBED_SWIFT_STANDARD_LIBRARIES = YES;
				BUNDLE_LOADER = "$(TEST_HOST)";
				CODE_SIGN_STYLE = Automatic;
				DEVELOPMENT_TEAM = 9MVQ285C7X;
				INFOPLIST_FILE = PhotoramaTests/Info.plist;
				IPHONEOS_DEPLOYMENT_TARGET = 13.2;
				LD_RUNPATH_SEARCH_PATHS = (
					"$(inherited)",
					"@executable_path/Frameworks",
					"@loader_path/Frameworks",
				);
				PRODUCT_BUNDLE_IDENTIFIER = lucastanger.PhotoramaTests;
				PRODUCT_NAME = "$(TARGET_NAME)";
				SWIFT_VERSION = 5.0;
				TARGETED_DEVICE_FAMILY = "1,2";
				TEST_HOST = "$(BUILT_PRODUCTS_DIR)/Photorama.app/Photorama";
			};
			name = Debug;
		};
		2C26E9E9243F604500E097BF /* Release */ = {
			isa = XCBuildConfiguration;
			buildSettings = {
				ALWAYS_EMBED_SWIFT_STANDARD_LIBRARIES = YES;
				BUNDLE_LOADER = "$(TEST_HOST)";
				CODE_SIGN_STYLE = Automatic;
				DEVELOPMENT_TEAM = 9MVQ285C7X;
				INFOPLIST_FILE = PhotoramaTests/Info.plist;
				IPHONEOS_DEPLOYMENT_TARGET = 13.2;
				LD_RUNPATH_SEARCH_PATHS = (
					"$(inherited)",
					"@executable_path/Frameworks",
					"@loader_path/Frameworks",
				);
				PRODUCT_BUNDLE_IDENTIFIER = lucastanger.PhotoramaTests;
				PRODUCT_NAME = "$(TARGET_NAME)";
				SWIFT_VERSION = 5.0;
				TARGETED_DEVICE_FAMILY = "1,2";
				TEST_HOST = "$(BUILT_PRODUCTS_DIR)/Photorama.app/Photorama";
			};
			name = Release;
		};
		2C26E9EB243F604500E097BF /* Debug */ = {
			isa = XCBuildConfiguration;
			buildSettings = {
				ALWAYS_EMBED_SWIFT_STANDARD_LIBRARIES = YES;
				CODE_SIGN_STYLE = Automatic;
				DEVELOPMENT_TEAM = 9MVQ285C7X;
				INFOPLIST_FILE = PhotoramaUITests/Info.plist;
				LD_RUNPATH_SEARCH_PATHS = (
					"$(inherited)",
					"@executable_path/Frameworks",
					"@loader_path/Frameworks",
				);
				PRODUCT_BUNDLE_IDENTIFIER = lucastanger.PhotoramaUITests;
				PRODUCT_NAME = "$(TARGET_NAME)";
				SWIFT_VERSION = 5.0;
				TARGETED_DEVICE_FAMILY = "1,2";
				TEST_TARGET_NAME = Photorama;
			};
			name = Debug;
		};
		2C26E9EC243F604500E097BF /* Release */ = {
			isa = XCBuildConfiguration;
			buildSettings = {
				ALWAYS_EMBED_SWIFT_STANDARD_LIBRARIES = YES;
				CODE_SIGN_STYLE = Automatic;
				DEVELOPMENT_TEAM = 9MVQ285C7X;
				INFOPLIST_FILE = PhotoramaUITests/Info.plist;
				LD_RUNPATH_SEARCH_PATHS = (
					"$(inherited)",
					"@executable_path/Frameworks",
					"@loader_path/Frameworks",
				);
				PRODUCT_BUNDLE_IDENTIFIER = lucastanger.PhotoramaUITests;
				PRODUCT_NAME = "$(TARGET_NAME)";
				SWIFT_VERSION = 5.0;
				TARGETED_DEVICE_FAMILY = "1,2";
				TEST_TARGET_NAME = Photorama;
			};
			name = Release;
		};
/* End XCBuildConfiguration section */

/* Begin XCConfigurationList section */
		2C26E9B5243F603E00E097BF /* Build configuration list for PBXProject "Photorama" */ = {
			isa = XCConfigurationList;
			buildConfigurations = (
				2C26E9E2243F604500E097BF /* Debug */,
				2C26E9E3243F604500E097BF /* Release */,
			);
			defaultConfigurationIsVisible = 0;
			defaultConfigurationName = Release;
		};
		2C26E9E4243F604500E097BF /* Build configuration list for PBXNativeTarget "Photorama" */ = {
			isa = XCConfigurationList;
			buildConfigurations = (
				2C26E9E5243F604500E097BF /* Debug */,
				2C26E9E6243F604500E097BF /* Release */,
			);
			defaultConfigurationIsVisible = 0;
			defaultConfigurationName = Release;
		};
		2C26E9E7243F604500E097BF /* Build configuration list for PBXNativeTarget "PhotoramaTests" */ = {
			isa = XCConfigurationList;
			buildConfigurations = (
				2C26E9E8243F604500E097BF /* Debug */,
				2C26E9E9243F604500E097BF /* Release */,
			);
			defaultConfigurationIsVisible = 0;
			defaultConfigurationName = Release;
		};
		2C26E9EA243F604500E097BF /* Build configuration list for PBXNativeTarget "PhotoramaUITests" */ = {
			isa = XCConfigurationList;
			buildConfigurations = (
				2C26E9EB243F604500E097BF /* Debug */,
				2C26E9EC243F604500E097BF /* Release */,
			);
			defaultConfigurationIsVisible = 0;
			defaultConfigurationName = Release;
		};
/* End XCConfigurationList section */
	};
	rootObject = 2C26E9B2243F603E00E097BF /* Project object */;
}
